
Microsoft Visual Studio Solution File, Format Version 11.00
# Visual Studio 2010
Project("{FAE04EC0-301F-11D3-BF4B-00C04F79EFBC}") = "Main", "Main\Main.csproj", "{41FDCBFB-4ECF-44DE-9E33-6CC5DFF65619}"
EndProject
Project("{FAE04EC0-301F-11D3-BF4B-00C04F79EFBC}") = "Core", "Core\Core.csproj", "{1DACD1E6-18DB-4B62-9375-5B71E3886AB8}"
EndProject
Global
	GlobalSection(SolutionConfigurationPlatforms) = preSolution
		Debug|Any CPU = Debug|Any CPU
		Release|Any CPU = Release|Any CPU
		Debug|x86 = Debug|x86
		Release|x86 = Release|x86
	EndGlobalSection
	GlobalSection(ProjectConfigurationPlatforms) = postSolution
		{1DACD1E6-18DB-4B62-9375-5B71E3886AB8}.Debug|Any CPU.ActiveCfg = Debug|Any CPU
		{1DACD1E6-18DB-4B62-9375-5B71E3886AB8}.Debug|Any CPU.Build.0 = Debug|Any CPU
		{1DACD1E6-18DB-4B62-9375-5B71E3886AB8}.Release|Any CPU.ActiveCfg = Release|Any CPU
		{1DACD1E6-18DB-4B62-9375-5B71E3886AB8}.Release|Any CPU.Build.0 = Release|Any CPU
		{41FDCBFB-4ECF-44DE-9E33-6CC5DFF65619}.Debug|Any CPU.ActiveCfg = Debug|Any CPU
		{41FDCBFB-4ECF-44DE-9E33-6CC5DFF65619}.Debug|Any CPU.Build.0 = Debug|Any CPU
		{41FDCBFB-4ECF-44DE-9E33-6CC5DFF65619}.Release|Any CPU.ActiveCfg = Release|Any CPU
		{41FDCBFB-4ECF-44DE-9E33-6CC5DFF65619}.Release|Any CPU.Build.0 = Release|Any CPU
	EndGlobalSection
	GlobalSection(MonoDevelopProperties) = preSolution
		StartupItem = Main\Main.csproj
	EndGlobalSection
EndGlobal
